{
  "name": "webserver",
  "version": "1.0.0",
  "lockfileVersion": 2,
  "requires": true,
  "packages": {
    "": {
      "name": "webserver",
      "version": "1.0.0",
      "license": "ISC",
      "dependencies": {
        "webview-nodejs": "^0.2.4"
      }
    },
    "node_modules/koffi": {
      "version": "2.5.20",
      "resolved": "https://registry.npmjs.org/koffi/-/koffi-2.5.20.tgz",
      "integrity": "sha512-LNsOTCx5jT7pQPvceHffr0W23X2dKLn9+h/lqEcov4rCl7dIYs5u7Ysk3x4qUxTOO46LDyKofuIjscaPV7LMyg==",
      "hasInstallScript": true
    },
    "node_modules/webview-nodejs": {
      "version": "0.2.4",
      "resolved": "https://registry.npmjs.org/webview-nodejs/-/webview-nodejs-0.2.4.tgz",
      "integrity": "sha512-PSmz2GrETeZI+196jizQyoXc3+3p7ISREEBZzx7KSXqokzsrPBRsm1GZgvhG45uBsn6/qdjb4yfuzxZfcaMNIQ==",
      "dependencies": {
        "koffi": "^2.5.0"
      },
      "engines": {
        "node": ">=12.22.0"
      }
    }
  },
  "dependencies": {
    "koffi": {
      "version": "2.5.20",
      "resolved": "https://registry.npmjs.org/koffi/-/koffi-2.5.20.tgz",
      "integrity": "sha512-LNsOTCx5jT7pQPvceHffr0W23X2dKLn9+h/lqEcov4rCl7dIYs5u7Ysk3x4qUxTOO46LDyKofuIjscaPV7LMyg=="
    },
    "webview-nodejs": {
      "version": "0.2.4",
      "resolved": "https://registry.npmjs.org/webview-nodejs/-/webview-nodejs-0.2.4.tgz",
      "integrity": "sha512-PSmz2GrETeZI+196jizQyoXc3+3p7ISREEBZzx7KSXqokzsrPBRsm1GZgvhG45uBsn6/qdjb4yfuzxZfcaMNIQ==",
      "requires": {
        "koffi": "^2.5.0"
      }
    }
  }
}
